// !$*UTF8*$!
{
	archiveVersion = 1;
	classes = {
	};
	objectVersion = 50;
	objects = {

/* Begin PBXBuildFile section */
		F00539EC21FF8BD7008D2114 /* Runner.cpp in Sources */ = {isa = PBXBuildFile; fileRef = F00539EB21FF8BD7008D2114 /* Runner.cpp */; };
		F00539EF21FF8BEB008D2114 /* Controller.cpp in Sources */ = {isa = PBXBuildFile; fileRef = F00539ED21FF8BEB008D2114 /* Controller.cpp */; };
		F09BC22C220A1505008D65E6 /* Timer.cpp in Sources */ = {isa = PBXBuildFile; fileRef = F09BC22A220A1505008D65E6 /* Timer.cpp */; };
		F09BC22F220A1972008D65E6 /* FileController.cpp in Sources */ = {isa = PBXBuildFile; fileRef = F09BC22D220A1972008D65E6 /* FileController.cpp */; };
		F09BC234220A1DEE008D65E6 /* CrimeData.cpp in Sources */ = {isa = PBXBuildFile; fileRef = F09BC230220A1DEE008D65E6 /* CrimeData.cpp */; };
		F09BC235220A1DEE008D65E6 /* Music.cpp in Sources */ = {isa = PBXBuildFile; fileRef = F09BC233220A1DEE008D65E6 /* Music.cpp */; };
/* End PBXBuildFile section */

/* Begin PBXCopyFilesBuildPhase section */
		F00539DB21FF8B1D008D2114 /* CopyFiles */ = {
			isa = PBXCopyFilesBuildPhase;
			buildActionMask = 2147483647;
			dstPath = /usr/share/man/man1/;
			dstSubfolderSpec = 0;
			files = (
			);
			runOnlyForDeploymentPostprocessing = 1;
		};
/* End PBXCopyFilesBuildPhase section */

/* Begin PBXFileReference section */
		F00539DD21FF8B1D008D2114 /* CPPDataProject */ = {isa = PBXFileReference; explicitFileType = "compiled.mach-o.executable"; includeInIndex = 0; path = CPPDataProject; sourceTree = BUILT_PRODUCTS_DIR; };
		F00539EB21FF8BD7008D2114 /* Runner.cpp */ = {isa = PBXFileReference; lastKnownFileType = sourcecode.cpp.cpp; path = Runner.cpp; sourceTree = "<group>"; };
		F00539ED21FF8BEB008D2114 /* Controller.cpp */ = {isa = PBXFileReference; lastKnownFileType = sourcecode.cpp.cpp; path = Controller.cpp; sourceTree = "<group>"; };
		F00539EE21FF8BEB008D2114 /* Controller.hpp */ = {isa = PBXFileReference; lastKnownFileType = sourcecode.cpp.h; path = Controller.hpp; sourceTree = "<group>"; };
		F00539F021FF912B008D2114 /* Node.hpp */ = {isa = PBXFileReference; lastKnownFileType = sourcecode.cpp.h; path = Node.hpp; sourceTree = "<group>"; };
		F014FB14220232F500B66458 /* LinearNode.hpp */ = {isa = PBXFileReference; lastKnownFileType = sourcecode.cpp.h; path = LinearNode.hpp; sourceTree = "<group>"; };
		F014FB1622023A0C00B66458 /* Array.hpp */ = {isa = PBXFileReference; lastKnownFileType = sourcecode.cpp.h; path = Array.hpp; sourceTree = "<group>"; };
		F09BC22A220A1505008D65E6 /* Timer.cpp */ = {isa = PBXFileReference; lastKnownFileType = sourcecode.cpp.cpp; path = Timer.cpp; sourceTree = "<group>"; };
		F09BC22B220A1505008D65E6 /* Timer.hpp */ = {isa = PBXFileReference; lastKnownFileType = sourcecode.cpp.h; path = Timer.hpp; sourceTree = "<group>"; };
		F09BC22D220A1972008D65E6 /* FileController.cpp */ = {isa = PBXFileReference; lastKnownFileType = sourcecode.cpp.cpp; path = FileController.cpp; sourceTree = "<group>"; };
		F09BC22E220A1972008D65E6 /* FileController.hpp */ = {isa = PBXFileReference; lastKnownFileType = sourcecode.cpp.h; path = FileController.hpp; sourceTree = "<group>"; };
		F09BC230220A1DEE008D65E6 /* CrimeData.cpp */ = {isa = PBXFileReference; fileEncoding = 4; lastKnownFileType = sourcecode.cpp.cpp; path = CrimeData.cpp; sourceTree = "<group>"; };
		F09BC231220A1DEE008D65E6 /* Music.hpp */ = {isa = PBXFileReference; fileEncoding = 4; lastKnownFileType = sourcecode.cpp.h; path = Music.hpp; sourceTree = "<group>"; };
		F09BC232220A1DEE008D65E6 /* CrimeData.hpp */ = {isa = PBXFileReference; fileEncoding = 4; lastKnownFileType = sourcecode.cpp.h; path = CrimeData.hpp; sourceTree = "<group>"; };
		F09BC233220A1DEE008D65E6 /* Music.cpp */ = {isa = PBXFileReference; fileEncoding = 4; lastKnownFileType = sourcecode.cpp.cpp; path = Music.cpp; sourceTree = "<group>"; };
		F09BC236220A243B008D65E6 /* music.csv */ = {isa = PBXFileReference; lastKnownFileType = text; path = music.csv; sourceTree = "<group>"; };
		F09BC237220A243C008D65E6 /* crime.csv */ = {isa = PBXFileReference; lastKnownFileType = text; path = crime.csv; sourceTree = "<group>"; };
/* End PBXFileReference section */

/* Begin PBXFrameworksBuildPhase section */
		F00539DA21FF8B1D008D2114 /* Frameworks */ = {
			isa = PBXFrameworksBuildPhase;
			buildActionMask = 2147483647;
			files = (
			);
			runOnlyForDeploymentPostprocessing = 0;
		};
/* End PBXFrameworksBuildPhase section */

/* Begin PBXGroup section */
		F00539D421FF8B1D008D2114 = {
			isa = PBXGroup;
			children = (
				F00539DF21FF8B1D008D2114 /* CPPDataProject */,
				F00539DE21FF8B1D008D2114 /* Products */,
			);
			sourceTree = "<group>";
		};
		F00539DE21FF8B1D008D2114 /* Products */ = {
			isa = PBXGroup;
			children = (
				F00539DD21FF8B1D008D2114 /* CPPDataProject */,
			);
			name = Products;
			sourceTree = "<group>";
		};
		F00539DF21FF8B1D008D2114 /* CPPDataProject */ = {
			isa = PBXGroup;
			children = (
				F00539E821FF8B89008D2114 /* Controller */,
				F00539E721FF8B81008D2114 /* Model */,
				F00539EA21FF8B9B008D2114 /* Resources */,
				F00539E921FF8B92008D2114 /* Diagrams */,
			);
			path = CPPDataProject;
			sourceTree = "<group>";
		};
		F00539E721FF8B81008D2114 /* Model */ = {
			isa = PBXGroup;
			children = (
				F014FB15220239F600B66458 /* Linear */,
				F014FB12220226AD00B66458 /* Nodes */,
			);
			path = Model;
			sourceTree = "<group>";
		};
		F00539E821FF8B89008D2114 /* Controller */ = {
			isa = PBXGroup;
			children = (
				F09BC229220A14B6008D65E6 /* Tools */,
				F00539EB21FF8BD7008D2114 /* Runner.cpp */,
				F00539ED21FF8BEB008D2114 /* Controller.cpp */,
				F00539EE21FF8BEB008D2114 /* Controller.hpp */,
				F09BC22D220A1972008D65E6 /* FileController.cpp */,
				F09BC22E220A1972008D65E6 /* FileController.hpp */,
			);
			path = Controller;
			sourceTree = "<group>";
		};
		F00539E921FF8B92008D2114 /* Diagrams */ = {
			isa = PBXGroup;
			children = (
			);
			path = Diagrams;
			sourceTree = "<group>";
		};
		F00539EA21FF8B9B008D2114 /* Resources */ = {
			isa = PBXGroup;
			children = (
				F09BC237220A243C008D65E6 /* crime.csv */,
				F09BC236220A243B008D65E6 /* music.csv */,
				F09BC230220A1DEE008D65E6 /* CrimeData.cpp */,
				F09BC232220A1DEE008D65E6 /* CrimeData.hpp */,
				F09BC233220A1DEE008D65E6 /* Music.cpp */,
				F09BC231220A1DEE008D65E6 /* Music.hpp */,
			);
			path = Resources;
			sourceTree = "<group>";
		};
		F014FB12220226AD00B66458 /* Nodes */ = {
			isa = PBXGroup;
			children = (
				F00539F021FF912B008D2114 /* Node.hpp */,
				F014FB14220232F500B66458 /* LinearNode.hpp */,
			);
			path = Nodes;
			sourceTree = "<group>";
		};
		F014FB15220239F600B66458 /* Linear */ = {
			isa = PBXGroup;
			children = (
				F014FB1622023A0C00B66458 /* Array.hpp */,
			);
			path = Linear;
			sourceTree = "<group>";
		};
		F09BC229220A14B6008D65E6 /* Tools */ = {
			isa = PBXGroup;
			children = (
				F09BC22A220A1505008D65E6 /* Timer.cpp */,
				F09BC22B220A1505008D65E6 /* Timer.hpp */,
			);
			path = Tools;
			sourceTree = "<group>";
		};
/* End PBXGroup section */

/* Begin PBXNativeTarget section */
		F00539DC21FF8B1D008D2114 /* CPPDataProject */ = {
			isa = PBXNativeTarget;
			buildConfigurationList = F00539E421FF8B1D008D2114 /* Build configuration list for PBXNativeTarget "CPPDataProject" */;
			buildPhases = (
				F00539D921FF8B1D008D2114 /* Sources */,
				F00539DA21FF8B1D008D2114 /* Frameworks */,
				F00539DB21FF8B1D008D2114 /* CopyFiles */,
			);
			buildRules = (
			);
			dependencies = (
			);
			name = CPPDataProject;
			productName = CPPDataProject;
			productReference = F00539DD21FF8B1D008D2114 /* CPPDataProject */;
			productType = "com.apple.product-type.tool";
		};
/* End PBXNativeTarget section */

/* Begin PBXProject section */
		F00539D521FF8B1D008D2114 /* Project object */ = {
			isa = PBXProject;
			attributes = {
				LastUpgradeCheck = 1000;
				ORGANIZATIONNAME = CTEC;
				TargetAttributes = {
					F00539DC21FF8B1D008D2114 = {
						CreatedOnToolsVersion = 10.0;
					};
				};
			};
			buildConfigurationList = F00539D821FF8B1D008D2114 /* Build configuration list for PBXProject "CPPDataProject" */;
			compatibilityVersion = "Xcode 9.3";
			developmentRegion = en;
			hasScannedForEncodings = 0;
			knownRegions = (
				en,
			);
			mainGroup = F00539D421FF8B1D008D2114;
			productRefGroup = F00539DE21FF8B1D008D2114 /* Products */;
			projectDirPath = "";
			projectRoot = "";
			targets = (
				F00539DC21FF8B1D008D2114 /* CPPDataProject */,
			);
		};
/* End PBXProject section */

/* Begin PBXSourcesBuildPhase section */
		F00539D921FF8B1D008D2114 /* Sources */ = {
			isa = PBXSourcesBuildPhase;
			buildActionMask = 2147483647;
			files = (
				F09BC22C220A1505008D65E6 /* Timer.cpp in Sources */,
				F09BC234220A1DEE008D65E6 /* CrimeData.cpp in Sources */,
				F00539EC21FF8BD7008D2114 /* Runner.cpp in Sources */,
				F09BC235220A1DEE008D65E6 /* Music.cpp in Sources */,
				F00539EF21FF8BEB008D2114 /* Controller.cpp in Sources */,
				F09BC22F220A1972008D65E6 /* FileController.cpp in Sources */,
			);
			runOnlyForDeploymentPostprocessing = 0;
		};
/* End PBXSourcesBuildPhase section */

/* Begin XCBuildConfiguration section */
		F00539E221FF8B1D008D2114 /* Debug */ = {
			isa = XCBuildConfiguration;
			buildSettings = {
				ALWAYS_SEARCH_USER_PATHS = NO;
				CLANG_ANALYZER_NONNULL = YES;
				CLANG_ANALYZER_NUMBER_OBJECT_CONVERSION = YES_AGGRESSIVE;
				CLANG_CXX_LANGUAGE_STANDARD = "gnu++14";
				CLANG_CXX_LIBRARY = "libc++";
				CLANG_ENABLE_MODULES = YES;
				CLANG_ENABLE_OBJC_ARC = YES;
				CLANG_ENABLE_OBJC_WEAK = YES;
				CLANG_WARN_BLOCK_CAPTURE_AUTORELEASING = YES;
				CLANG_WARN_BOOL_CONVERSION = YES;
				CLANG_WARN_COMMA = YES;
				CLANG_WARN_CONSTANT_CONVERSION = YES;
				CLANG_WARN_DEPRECATED_OBJC_IMPLEMENTATIONS = YES;
				CLANG_WARN_DIRECT_OBJC_ISA_USAGE = YES_ERROR;
				CLANG_WARN_DOCUMENTATION_COMMENTS = YES;
				CLANG_WARN_EMPTY_BODY = YES;
				CLANG_WARN_ENUM_CONVERSION = YES;
				CLANG_WARN_INFINITE_RECURSION = YES;
				CLANG_WARN_INT_CONVERSION = YES;
				CLANG_WARN_NON_LITERAL_NULL_CONVERSION = YES;
				CLANG_WARN_OBJC_IMPLICIT_RETAIN_SELF = YES;
				CLANG_WARN_OBJC_LITERAL_CONVERSION = YES;
				CLANG_WARN_OBJC_ROOT_CLASS = YES_ERROR;
				CLANG_WARN_RANGE_LOOP_ANALYSIS = YES;
				CLANG_WARN_STRICT_PROTOTYPES = YES;
				CLANG_WARN_SUSPICIOUS_MOVE = YES;
				CLANG_WARN_UNGUARDED_AVAILABILITY = YES_AGGRESSIVE;
				CLANG_WARN_UNREACHABLE_CODE = YES;
				CLANG_WARN__DUPLICATE_METHOD_MATCH = YES;
				CODE_SIGN_IDENTITY = "-";
				COPY_PHASE_STRIP = NO;
				DEBUG_INFORMATION_FORMAT = dwarf;
				ENABLE_STRICT_OBJC_MSGSEND = YES;
				ENABLE_TESTABILITY = YES;
				GCC_C_LANGUAGE_STANDARD = gnu11;
				GCC_DYNAMIC_NO_PIC = NO;
				GCC_NO_COMMON_BLOCKS = YES;
				GCC_OPTIMIZATION_LEVEL = 0;
				GCC_PREPROCESSOR_DEFINITIONS = (
					"DEBUG=1",
					"$(inherited)",
				);
				GCC_WARN_64_TO_32_BIT_CONVERSION = YES;
				GCC_WARN_ABOUT_RETURN_TYPE = YES_ERROR;
				GCC_WARN_UNDECLARED_SELECTOR = YES;
				GCC_WARN_UNINITIALIZED_AUTOS = YES_AGGRESSIVE;
				GCC_WARN_UNUSED_FUNCTION = YES;
				GCC_WARN_UNUSED_VARIABLE = YES;
				MACOSX_DEPLOYMENT_TARGET = 10.13;
				MTL_ENABLE_DEBUG_INFO = INCLUDE_SOURCE;
				MTL_FAST_MATH = YES;
				ONLY_ACTIVE_ARCH = YES;
				SDKROOT = macosx;
			};
			name = Debug;
		};
		F00539E321FF8B1D008D2114 /* Release */ = {
			isa = XCBuildConfiguration;
			buildSettings = {
				ALWAYS_SEARCH_USER_PATHS = NO;
				CLANG_ANALYZER_NONNULL = YES;
				CLANG_ANALYZER_NUMBER_OBJECT_CONVERSION = YES_AGGRESSIVE;
				CLANG_CXX_LANGUAGE_STANDARD = "gnu++14";
				CLANG_CXX_LIBRARY = "libc++";
				CLANG_ENABLE_MODULES = YES;
				CLANG_ENABLE_OBJC_ARC = YES;
				CLANG_ENABLE_OBJC_WEAK = YES;
				CLANG_WARN_BLOCK_CAPTURE_AUTORELEASING = YES;
				CLANG_WARN_BOOL_CONVERSION = YES;
				CLANG_WARN_COMMA = YES;
				CLANG_WARN_CONSTANT_CONVERSION = YES;
				CLANG_WARN_DEPRECATED_OBJC_IMPLEMENTATIONS = YES;
				CLANG_WARN_DIRECT_OBJC_ISA_USAGE = YES_ERROR;
				CLANG_WARN_DOCUMENTATION_COMMENTS = YES;
				CLANG_WARN_EMPTY_BODY = YES;
				CLANG_WARN_ENUM_CONVERSION = YES;
				CLANG_WARN_INFINITE_RECURSION = YES;
				CLANG_WARN_INT_CONVERSION = YES;
				CLANG_WARN_NON_LITERAL_NULL_CONVERSION = YES;
				CLANG_WARN_OBJC_IMPLICIT_RETAIN_SELF = YES;
				CLANG_WARN_OBJC_LITERAL_CONVERSION = YES;
				CLANG_WARN_OBJC_ROOT_CLASS = YES_ERROR;
				CLANG_WARN_RANGE_LOOP_ANALYSIS = YES;
				CLANG_WARN_STRICT_PROTOTYPES = YES;
				CLANG_WARN_SUSPICIOUS_MOVE = YES;
				CLANG_WARN_UNGUARDED_AVAILABILITY = YES_AGGRESSIVE;
				CLANG_WARN_UNREACHABLE_CODE = YES;
				CLANG_WARN__DUPLICATE_METHOD_MATCH = YES;
				CODE_SIGN_IDENTITY = "-";
				COPY_PHASE_STRIP = NO;
				DEBUG_INFORMATION_FORMAT = "dwarf-with-dsym";
				ENABLE_NS_ASSERTIONS = NO;
				ENABLE_STRICT_OBJC_MSGSEND = YES;
				GCC_C_LANGUAGE_STANDARD = gnu11;
				GCC_NO_COMMON_BLOCKS = YES;
				GCC_WARN_64_TO_32_BIT_CONVERSION = YES;
				GCC_WARN_ABOUT_RETURN_TYPE = YES_ERROR;
				GCC_WARN_UNDECLARED_SELECTOR = YES;
				GCC_WARN_UNINITIALIZED_AUTOS = YES_AGGRESSIVE;
				GCC_WARN_UNUSED_FUNCTION = YES;
				GCC_WARN_UNUSED_VARIABLE = YES;
				MACOSX_DEPLOYMENT_TARGET = 10.13;
				MTL_ENABLE_DEBUG_INFO = NO;
				MTL_FAST_MATH = YES;
				SDKROOT = macosx;
			};
			name = Release;
		};
		F00539E521FF8B1D008D2114 /* Debug */ = {
			isa = XCBuildConfiguration;
			buildSettings = {
				CODE_SIGN_STYLE = Automatic;
				PRODUCT_NAME = "$(TARGET_NAME)";
			};
			name = Debug;
		};
		F00539E621FF8B1D008D2114 /* Release */ = {
			isa = XCBuildConfiguration;
			buildSettings = {
				CODE_SIGN_STYLE = Automatic;
				PRODUCT_NAME = "$(TARGET_NAME)";
			};
			name = Release;
		};
/* End XCBuildConfiguration section */

/* Begin XCConfigurationList section */
		F00539D821FF8B1D008D2114 /* Build configuration list for PBXProject "CPPDataProject" */ = {
			isa = XCConfigurationList;
			buildConfigurations = (
				F00539E221FF8B1D008D2114 /* Debug */,
				F00539E321FF8B1D008D2114 /* Release */,
			);
			defaultConfigurationIsVisible = 0;
			defaultConfigurationName = Release;
		};
		F00539E421FF8B1D008D2114 /* Build configuration list for PBXNativeTarget "CPPDataProject" */ = {
			isa = XCConfigurationList;
			buildConfigurations = (
				F00539E521FF8B1D008D2114 /* Debug */,
				F00539E621FF8B1D008D2114 /* Release */,
			);
			defaultConfigurationIsVisible = 0;
			defaultConfigurationName = Release;
		};
/* End XCConfigurationList section */
	};
	rootObject = F00539D521FF8B1D008D2114 /* Project object */;
}
